<?xml version="1.0" encoding="utf-8"?>
<Project ToolsVersion="4.0" xmlns="http://schemas.microsoft.com/developer/msbuild/2003">
  <ItemGroup>
    <Filter Include="Noctis">
      <UniqueIdentifier>{B54AE2C5-A1EC-0C9C-8AA7-20F076E893EC}</UniqueIdentifier>
    </Filter>
    <Filter Include="Noctis\Events">
      <UniqueIdentifier>{F9382CF1-65F9-A727-2E34-F1A49AB3EC03}</UniqueIdentifier>
    </Filter>
    <Filter Include="Noctis\ImGui">
      <UniqueIdentifier>{9F33E75C-8B96-7601-341C-AFB7205E4284}</UniqueIdentifier>
    </Filter>
    <Filter Include="Platform">
      <UniqueIdentifier>{2AC788B4-1694-E3BF-3FAD-D1672BD9184E}</UniqueIdentifier>
    </Filter>
    <Filter Include="Platform\Windows">
      <UniqueIdentifier>{64FBD71A-50F4-F66C-7926-DCF1657ED678}</UniqueIdentifier>
    </Filter>
  </ItemGroup>
  <ItemGroup>
    <ClInclude Include="src\Noctis.h" />
    <ClInclude Include="src\Noctis\Application.h">
      <Filter>Noctis</Filter>
    </ClInclude>
    <ClInclude Include="src\Noctis\Core.h">
      <Filter>Noctis</Filter>
    </ClInclude>
    <ClInclude Include="src\Noctis\EntryPoint.h">
      <Filter>Noctis</Filter>
    </ClInclude>
    <ClInclude Include="src\Noctis\Events\ApplicationEvent.h">
      <Filter>Noctis\Events</Filter>
    </ClInclude>
    <ClInclude Include="src\Noctis\Events\Event.h">
      <Filter>Noctis\Events</Filter>
    </ClInclude>
    <ClInclude Include="src\Noctis\Events\KeyEvent.h">
      <Filter>Noctis\Events</Filter>
    </ClInclude>
    <ClInclude Include="src\Noctis\Events\MouseEvent.h">
      <Filter>Noctis\Events</Filter>
    </ClInclude>
    <ClInclude Include="src\Noctis\ImGui\ImGuiLayer.h">
      <Filter>Noctis\ImGui</Filter>
    </ClInclude>
    <ClInclude Include="src\Noctis\Input.h">
      <Filter>Noctis</Filter>
    </ClInclude>
    <ClInclude Include="src\Noctis\Keycodes.h">
      <Filter>Noctis</Filter>
    </ClInclude>
    <ClInclude Include="src\Noctis\Layer.h">
      <Filter>Noctis</Filter>
    </ClInclude>
    <ClInclude Include="src\Noctis\LayerStack.h">
      <Filter>Noctis</Filter>
    </ClInclude>
    <ClInclude Include="src\Noctis\Log.h">
      <Filter>Noctis</Filter>
    </ClInclude>
    <ClInclude Include="src\Noctis\MouseButtonCodes.h">
      <Filter>Noctis</Filter>
    </ClInclude>
    <ClInclude Include="src\Noctis\window.h">
      <Filter>Noctis</Filter>
    </ClInclude>
    <ClInclude Include="src\Platform\Windows\WindowsInput.h">
      <Filter>Platform\Windows</Filter>
    </ClInclude>
    <ClInclude Include="src\Platform\Windows\WindowsWindow.h">
      <Filter>Platform\Windows</Filter>
    </ClInclude>
    <ClInclude Include="src\ntpch.h" />
  </ItemGroup>
  <ItemGroup>
    <ClCompile Include="src\Noctis\Application.cpp">
      <Filter>Noctis</Filter>
    </ClCompile>
    <ClCompile Include="src\Noctis\ImGui\ImGuiBuild.cpp">
      <Filter>Noctis\ImGui</Filter>
    </ClCompile>
    <ClCompile Include="src\Noctis\ImGui\ImGuiLayer.cpp">
      <Filter>Noctis\ImGui</Filter>
    </ClCompile>
    <ClCompile Include="src\Noctis\Layer.cpp">
      <Filter>Noctis</Filter>
    </ClCompile>
    <ClCompile Include="src\Noctis\LayerStack.cpp">
      <Filter>Noctis</Filter>
    </ClCompile>
    <ClCompile Include="src\Noctis\Log.cpp">
      <Filter>Noctis</Filter>
    </ClCompile>
    <ClCompile Include="src\Platform\Windows\WindowsInput.cpp">
      <Filter>Platform\Windows</Filter>
    </ClCompile>
    <ClCompile Include="src\Platform\Windows\WindowsWindow.cpp">
      <Filter>Platform\Windows</Filter>
    </ClCompile>
    <ClCompile Include="src\ntpch.cpp" />
  </ItemGroup>
</Project>